
Microsoft Visual Studio Solution File, Format Version 12.00
# Visual Studio 15
VisualStudioVersion = 15.0.28307.852
MinimumVisualStudioVersion = 10.0.40219.1
Project("{FAE04EC0-301F-11D3-BF4B-00C04F79EFBC}") = "AzureSqlDatabase", "AzureSqlDatabase.csproj", "{00C873DB-FBB9-4764-8D32-ED3178275300}"
EndProject
Global
	GlobalSection(SolutionConfigurationPlatforms) = preSolution
		Debug|Any CPU = Debug|Any CPU
		Release|Any CPU = Release|Any CPU
	EndGlobalSection
	GlobalSection(ProjectConfigurationPlatforms) = postSolution
		{00C873DB-FBB9-4764-8D32-ED3178275300}.Debug|Any CPU.ActiveCfg = Debug|Any CPU
		{00C873DB-FBB9-4764-8D32-ED3178275300}.Debug|Any CPU.Build.0 = Debug|Any CPU
		{00C873DB-FBB9-4764-8D32-ED3178275300}.Release|Any CPU.ActiveCfg = Release|Any CPU
		{00C873DB-FBB9-4764-8D32-ED3178275300}.Release|Any CPU.Build.0 = Release|Any CPU
	EndGlobalSection
	GlobalSection(SolutionProperties) = preSolution
		HideSolutionNode = FALSE
	EndGlobalSection
	GlobalSection(ExtensibilityGlobals) = postSolution
		SolutionGuid = {47884BA6-0ADB-41FD-9C86-8023EC1324E5}
	EndGlobalSection
EndGlobal
