
Microsoft Visual Studio Solution File, Format Version 12.00
# Visual Studio 15
VisualStudioVersion = 15.0.28307.852
MinimumVisualStudioVersion = 10.0.40219.1
Project("{FAE04EC0-301F-11D3-BF4B-00C04F79EFBC}") = "ReadWritetoRedisCache", "ReadWritetoRedisCache.csproj", "{C381124D-88FA-4B3A-8215-6D7139385B4E}"
EndProject
Global
	GlobalSection(SolutionConfigurationPlatforms) = preSolution
		Debug|Any CPU = Debug|Any CPU
		Release|Any CPU = Release|Any CPU
	EndGlobalSection
	GlobalSection(ProjectConfigurationPlatforms) = postSolution
		{C381124D-88FA-4B3A-8215-6D7139385B4E}.Debug|Any CPU.ActiveCfg = Debug|Any CPU
		{C381124D-88FA-4B3A-8215-6D7139385B4E}.Debug|Any CPU.Build.0 = Debug|Any CPU
		{C381124D-88FA-4B3A-8215-6D7139385B4E}.Release|Any CPU.ActiveCfg = Release|Any CPU
		{C381124D-88FA-4B3A-8215-6D7139385B4E}.Release|Any CPU.Build.0 = Release|Any CPU
	EndGlobalSection
	GlobalSection(SolutionProperties) = preSolution
		HideSolutionNode = FALSE
	EndGlobalSection
	GlobalSection(ExtensibilityGlobals) = postSolution
		SolutionGuid = {657EE1C3-81D7-43A7-AD3F-888F2E52C829}
	EndGlobalSection
EndGlobal
